github.com/Wariie/go-woxy/com v0.0.0-20201110180907-67d31396b35a/go.mod h1:tXQGU25a8i8FUu/l/OH2EDsof/CaCsppYxSKhVA/5VM=
github.com/Wariie/go-woxy/com v0.0.0-20230116000309-340bc1e7b8e0 h1:fzpVQUqrtQtY9TyBERigKDFEWGyyRa8S4K+T2pwPd9g=
github.com/Wariie/go-woxy/com v0.0.0-20230116000309-340bc1e7b8e0/go.mod h1:tXQGU25a8i8FUu/l/OH2EDsof/CaCsppYxSKhVA/5VM=
github.com/Wariie/go-woxy/modbase v0.0.0-20230116000309-340bc1e7b8e0 h1:0zzs0xUH5FFS5eAomHn3vpDFui7bxxjprwLeSqjIzB0=
github.com/Wariie/go-woxy/modbase v0.0.0-20230116000309-340bc1e7b8e0/go.mod h1:ClJQorzua3T5RODqH3bgq3CttqMb+gK/qPxnB0+iK74=
github.com/Wariie/go-woxy/modbase v0.0.0-20230201152148-912678918c47 h1:2oBVM7BD/QgmdZxLVgAWbeftSkFNy856o65ar2JFSTE=
github.com/Wariie/go-woxy/modbase v0.0.0-20230201152148-912678918c47/go.mod h1:ClJQorzua3T5RODqH3bgq3CttqMb+gK/qPxnB0+iK74=
github.com/Wariie/go-woxy/modbase v0.0.0-20230201162403-e099c7831b17 h1:0ne6xn2spJxbRadpBCNQnhV+0ma6eFAHykoR8+axIs0=
github.com/Wariie/go-woxy/modbase v0.0.0-20230201162403-e099c7831b17/go.mod h1:ClJQorzua3T5RODqH3bgq3CttqMb+gK/qPxnB0+iK74=
github.com/Wariie/go-woxy/modbase v0.0.0-20230201164700-08380e34f4fc h1:PaUoK6dqy1jkF8unpbTC6vLGted2tOdJdLeQjEf6cwc=
github.com/Wariie/go-woxy/modbase v0.0.0-20230201164700-08380e34f4fc/go.mod h1:ClJQorzua3T5RODqH3bgq3CttqMb+gK/qPxnB0+iK74=
github.com/Wariie/go-woxy/modbase v0.0.0-20230201170150-9a481a8a8e96 h1:hbK3D6CtmCZo/eGQ5mPPCAtoudJhcFxHqReDsWZs3ww=
github.com/Wariie/go-woxy/modbase v0.0.0-20230201170150-9a481a8a8e96/go.mod h1:ClJQorzua3T5RODqH3bgq3CttqMb+gK/qPxnB0+iK74=
github.com/Wariie/go-woxy/tools v0.0.0-20200831140926-4e2b8c3ff239/go.mod h1:7rH9sj5tIXT1+DbhuurPY0sgPMuk+VEDGtc+JONAU9Y=
github.com/Wariie/go-woxy/tools v0.0.0-20201110180907-67d31396b35a/go.mod h1:7rH9sj5tIXT1+DbhuurPY0sgPMuk+VEDGtc+JONAU9Y=
github.com/Wariie/go-woxy/tools v0.0.0-20230116000309-340bc1e7b8e0 h1:NmxIKZ/PfFj7zuJvONWyvP2At9CHZqWY4v/dC6Dz0/c=
github.com/Wariie/go-woxy/tools v0.0.0-20230116000309-340bc1e7b8e0/go.mod h1:7rH9sj5tIXT1+DbhuurPY0sgPMuk+VEDGtc+JONAU9Y=
github.com/gorilla/mux v1.8.0 h1:i40aqfkR1h2SlN9hojwV5ZA91wcXFOvkdNIeFDP5koI=
github.com/gorilla/mux v1.8.0/go.mod h1:DVbg23sWSpFRCP0SfiEN6jmj59UnW/n46BH5rLB71So=
